
Microsoft Visual Studio Solution File, Format Version 12.00
# Visual Studio Version 17
VisualStudioVersion = 17.1.32104.313
MinimumVisualStudioVersion = 10.0.40219.1
Project("{FAE04EC0-301F-11D3-BF4B-00C04F79EFBC}") = "Lab5Wpf", "Lab5Wpf\Lab5Wpf.csproj", "{1863B31D-7ECC-45DD-BF08-2B91A1C8DD11}"
EndProject
Global
	GlobalSection(SolutionConfigurationPlatforms) = preSolution
		Debug|Any CPU = Debug|Any CPU
		Release|Any CPU = Release|Any CPU
	EndGlobalSection
	GlobalSection(ProjectConfigurationPlatforms) = postSolution
		{1863B31D-7ECC-45DD-BF08-2B91A1C8DD11}.Debug|Any CPU.ActiveCfg = Debug|Any CPU
		{1863B31D-7ECC-45DD-BF08-2B91A1C8DD11}.Debug|Any CPU.Build.0 = Debug|Any CPU
		{1863B31D-7ECC-45DD-BF08-2B91A1C8DD11}.Release|Any CPU.ActiveCfg = Release|Any CPU
		{1863B31D-7ECC-45DD-BF08-2B91A1C8DD11}.Release|Any CPU.Build.0 = Release|Any CPU
	EndGlobalSection
	GlobalSection(SolutionProperties) = preSolution
		HideSolutionNode = FALSE
	EndGlobalSection
	GlobalSection(ExtensibilityGlobals) = postSolution
		SolutionGuid = {0561441A-C5AB-4045-9483-03DEB09174AD}
	EndGlobalSection
EndGlobal
